
Microsoft Visual Studio Solution File, Format Version 12.00
# Visual Studio Version 17
VisualStudioVersion = 17.3.32922.545
MinimumVisualStudioVersion = 10.0.40219.1
Project("{FAE04EC0-301F-11D3-BF4B-00C04F79EFBC}") = "GenericsDemo", "GenericsDemo.csproj", "{C262F462-3B6C-4D98-B701-FA0CF749FC71}"
EndProject
Global
	GlobalSection(SolutionConfigurationPlatforms) = preSolution
		Debug|Any CPU = Debug|Any CPU
		Release|Any CPU = Release|Any CPU
	EndGlobalSection
	GlobalSection(ProjectConfigurationPlatforms) = postSolution
		{C262F462-3B6C-4D98-B701-FA0CF749FC71}.Debug|Any CPU.ActiveCfg = Debug|Any CPU
		{C262F462-3B6C-4D98-B701-FA0CF749FC71}.Debug|Any CPU.Build.0 = Debug|Any CPU
		{C262F462-3B6C-4D98-B701-FA0CF749FC71}.Release|Any CPU.ActiveCfg = Release|Any CPU
		{C262F462-3B6C-4D98-B701-FA0CF749FC71}.Release|Any CPU.Build.0 = Release|Any CPU
	EndGlobalSection
	GlobalSection(SolutionProperties) = preSolution
		HideSolutionNode = FALSE
	EndGlobalSection
	GlobalSection(ExtensibilityGlobals) = postSolution
		SolutionGuid = {0E69BA56-AF8C-47A2-82DE-45ABC443BD92}
	EndGlobalSection
EndGlobal
