
Microsoft Visual Studio Solution File, Format Version 12.00
# Visual Studio Version 17
VisualStudioVersion = 17.3.32922.545
MinimumVisualStudioVersion = 10.0.40219.1
Project("{FAE04EC0-301F-11D3-BF4B-00C04F79EFBC}") = "DelegatesDemo", "DelegatesDemo.csproj", "{772D15D9-DDCD-420E-9F18-162810B99A76}"
EndProject
Project("{FAE04EC0-301F-11D3-BF4B-00C04F79EFBC}") = "DelegatesBasic", "..\DelegatesBasic\DelegatesBasic.csproj", "{C5ABA2E4-4483-4EE9-84D0-E7E613AEE021}"
EndProject
Global
	GlobalSection(SolutionConfigurationPlatforms) = preSolution
		Debug|Any CPU = Debug|Any CPU
		Release|Any CPU = Release|Any CPU
	EndGlobalSection
	GlobalSection(ProjectConfigurationPlatforms) = postSolution
		{772D15D9-DDCD-420E-9F18-162810B99A76}.Debug|Any CPU.ActiveCfg = Debug|Any CPU
		{772D15D9-DDCD-420E-9F18-162810B99A76}.Debug|Any CPU.Build.0 = Debug|Any CPU
		{772D15D9-DDCD-420E-9F18-162810B99A76}.Release|Any CPU.ActiveCfg = Release|Any CPU
		{772D15D9-DDCD-420E-9F18-162810B99A76}.Release|Any CPU.Build.0 = Release|Any CPU
		{C5ABA2E4-4483-4EE9-84D0-E7E613AEE021}.Debug|Any CPU.ActiveCfg = Debug|Any CPU
		{C5ABA2E4-4483-4EE9-84D0-E7E613AEE021}.Debug|Any CPU.Build.0 = Debug|Any CPU
		{C5ABA2E4-4483-4EE9-84D0-E7E613AEE021}.Release|Any CPU.ActiveCfg = Release|Any CPU
		{C5ABA2E4-4483-4EE9-84D0-E7E613AEE021}.Release|Any CPU.Build.0 = Release|Any CPU
	EndGlobalSection
	GlobalSection(SolutionProperties) = preSolution
		HideSolutionNode = FALSE
	EndGlobalSection
	GlobalSection(ExtensibilityGlobals) = postSolution
		SolutionGuid = {8065942A-D0A9-4E1A-9442-6520F108C41C}
	EndGlobalSection
EndGlobal
