
Microsoft Visual Studio Solution File, Format Version 12.00
# Visual Studio Version 17
VisualStudioVersion = 17.3.32922.545
MinimumVisualStudioVersion = 10.0.40219.1
Project("{FAE04EC0-301F-11D3-BF4B-00C04F79EFBC}") = "Assignment7", "Assignment7.csproj", "{34AAEAD9-B865-41FE-A084-5A637BC751BF}"
EndProject
Global
	GlobalSection(SolutionConfigurationPlatforms) = preSolution
		Debug|Any CPU = Debug|Any CPU
		Release|Any CPU = Release|Any CPU
	EndGlobalSection
	GlobalSection(ProjectConfigurationPlatforms) = postSolution
		{34AAEAD9-B865-41FE-A084-5A637BC751BF}.Debug|Any CPU.ActiveCfg = Debug|Any CPU
		{34AAEAD9-B865-41FE-A084-5A637BC751BF}.Debug|Any CPU.Build.0 = Debug|Any CPU
		{34AAEAD9-B865-41FE-A084-5A637BC751BF}.Release|Any CPU.ActiveCfg = Release|Any CPU
		{34AAEAD9-B865-41FE-A084-5A637BC751BF}.Release|Any CPU.Build.0 = Release|Any CPU
	EndGlobalSection
	GlobalSection(SolutionProperties) = preSolution
		HideSolutionNode = FALSE
	EndGlobalSection
	GlobalSection(ExtensibilityGlobals) = postSolution
		SolutionGuid = {07809237-28EA-49AB-9D03-8BA1EA55A555}
	EndGlobalSection
EndGlobal
