
Microsoft Visual Studio Solution File, Format Version 12.00
# Visual Studio Version 17
VisualStudioVersion = 17.3.32922.545
MinimumVisualStudioVersion = 10.0.40219.1
Project("{FAE04EC0-301F-11D3-BF4B-00C04F79EFBC}") = "FirstApp", "FirstApp.csproj", "{BC1A8E34-4801-416E-8483-994A596C9FF5}"
EndProject
Project("{FAE04EC0-301F-11D3-BF4B-00C04F79EFBC}") = "FirstLibrary", "..\FirstLibrary\FirstLibrary.csproj", "{122DA7FA-E09E-400D-932C-D25B6868E975}"
EndProject
Global
	GlobalSection(SolutionConfigurationPlatforms) = preSolution
		Debug|Any CPU = Debug|Any CPU
		Release|Any CPU = Release|Any CPU
	EndGlobalSection
	GlobalSection(ProjectConfigurationPlatforms) = postSolution
		{BC1A8E34-4801-416E-8483-994A596C9FF5}.Debug|Any CPU.ActiveCfg = Debug|Any CPU
		{BC1A8E34-4801-416E-8483-994A596C9FF5}.Debug|Any CPU.Build.0 = Debug|Any CPU
		{BC1A8E34-4801-416E-8483-994A596C9FF5}.Release|Any CPU.ActiveCfg = Release|Any CPU
		{BC1A8E34-4801-416E-8483-994A596C9FF5}.Release|Any CPU.Build.0 = Release|Any CPU
		{122DA7FA-E09E-400D-932C-D25B6868E975}.Debug|Any CPU.ActiveCfg = Debug|Any CPU
		{122DA7FA-E09E-400D-932C-D25B6868E975}.Debug|Any CPU.Build.0 = Debug|Any CPU
		{122DA7FA-E09E-400D-932C-D25B6868E975}.Release|Any CPU.ActiveCfg = Release|Any CPU
		{122DA7FA-E09E-400D-932C-D25B6868E975}.Release|Any CPU.Build.0 = Release|Any CPU
	EndGlobalSection
	GlobalSection(SolutionProperties) = preSolution
		HideSolutionNode = FALSE
	EndGlobalSection
	GlobalSection(ExtensibilityGlobals) = postSolution
		SolutionGuid = {0F9A09DB-2958-4CC9-B7C9-607F05B0506B}
	EndGlobalSection
EndGlobal
